
Microsoft Visual Studio Solution File, Format Version 12.00
# Visual Studio 2012
Project("{8BC9CEB8-8B4A-11D0-8D11-00A0C91BC942}") = "bubble_sort", "bubble_sort.vcxproj", "{ED6BD3BE-678A-4BC3-9F1B-D080F77E58F1}"
EndProject
Global
	GlobalSection(SolutionConfigurationPlatforms) = preSolution
		Debug|Win32 = Debug|Win32
		Release|Win32 = Release|Win32
	EndGlobalSection
	GlobalSection(ProjectConfigurationPlatforms) = postSolution
		{ED6BD3BE-678A-4BC3-9F1B-D080F77E58F1}.Debug|Win32.ActiveCfg = Debug|Win32
		{ED6BD3BE-678A-4BC3-9F1B-D080F77E58F1}.Debug|Win32.Build.0 = Debug|Win32
		{ED6BD3BE-678A-4BC3-9F1B-D080F77E58F1}.Release|Win32.ActiveCfg = Release|Win32
		{ED6BD3BE-678A-4BC3-9F1B-D080F77E58F1}.Release|Win32.Build.0 = Release|Win32
	EndGlobalSection
	GlobalSection(SolutionProperties) = preSolution
		HideSolutionNode = FALSE
	EndGlobalSection
EndGlobal
